<Solution>
  <Project Path="ClubBaist.AppHost/ClubBaist.AppHost.csproj" />
  <Project Path="ClubBaist.Domain.Tests/ClubBaist.Domain.Tests.csproj" />
  <Project Path="ClubBaist.Domain/ClubBaist.Domain.csproj" />
  <Project Path="ClubBaist.ServiceDefaults/ClubBaist.ServiceDefaults.csproj" />
  <Project Path="ClubBaist.Services/ClubBaist.Services.csproj" />
  <Project Path="ClubBaist.Web/ClubBaist.Web.csproj" />
</Solution>
