<Solution>
  <Project Path="ClubBaist.AppHost/ClubBaist.AppHost.csproj" />
  <Project Path="ClubBaist.Domain2.Tests/ClubBaist.Domain2.Tests.csproj" />
  <Project Path="ClubBaist.Domain2/ClubBaist.Domain2.csproj" />
  <Project Path="ClubBaist.ServiceDefaults/ClubBaist.ServiceDefaults.csproj" />
  <Project Path="ClubBaist.Services2/ClubBaist.Services2.csproj" />
  <Project Path="ClubBaist.Web/ClubBaist.Web.csproj" />
</Solution>
